
Microsoft Visual Studio Solution File, Format Version 12.00
# Visual Studio Version 17
VisualStudioVersion = 17.2.32516.85
MinimumVisualStudioVersion = 15.0.26124.0
Project("{9A19103F-16F7-4668-BE54-9A1E7A4F7556}") = "LectureSchedule.API", "LectureSchedule.API\LectureSchedule.API.csproj", "{0B858D0F-CB2D-4D90-BBC0-23B4AF447DEF}"
EndProject
Project("{FAE04EC0-301F-11D3-BF4B-00C04F79EFBC}") = "LectureSchedule.Data", "LectureSchedule.Data\LectureSchedule.Data.csproj", "{298CA946-6A5B-4F11-92CA-64E0B6BED5B3}"
EndProject
Project("{FAE04EC0-301F-11D3-BF4B-00C04F79EFBC}") = "LectureSchedule.Domain", "LectureSchedule.Domain\LectureSchedule.Domain.csproj", "{61F4BFDB-6808-46DD-A23E-CEFDA50C18F2}"
EndProject
Project("{FAE04EC0-301F-11D3-BF4B-00C04F79EFBC}") = "LectureSchedule.Service", "LectureSchedule.Service\LectureSchedule.Service.csproj", "{507551F2-1072-4428-9D84-6AD843F45B8F}"
EndProject
Global
	GlobalSection(SolutionConfigurationPlatforms) = preSolution
		Debug|Any CPU = Debug|Any CPU
		Debug|x64 = Debug|x64
		Debug|x86 = Debug|x86
		Release|Any CPU = Release|Any CPU
		Release|x64 = Release|x64
		Release|x86 = Release|x86
	EndGlobalSection
	GlobalSection(ProjectConfigurationPlatforms) = postSolution
		{0B858D0F-CB2D-4D90-BBC0-23B4AF447DEF}.Debug|Any CPU.ActiveCfg = Debug|Any CPU
		{0B858D0F-CB2D-4D90-BBC0-23B4AF447DEF}.Debug|Any CPU.Build.0 = Debug|Any CPU
		{0B858D0F-CB2D-4D90-BBC0-23B4AF447DEF}.Debug|x64.ActiveCfg = Debug|Any CPU
		{0B858D0F-CB2D-4D90-BBC0-23B4AF447DEF}.Debug|x64.Build.0 = Debug|Any CPU
		{0B858D0F-CB2D-4D90-BBC0-23B4AF447DEF}.Debug|x86.ActiveCfg = Debug|Any CPU
		{0B858D0F-CB2D-4D90-BBC0-23B4AF447DEF}.Debug|x86.Build.0 = Debug|Any CPU
		{0B858D0F-CB2D-4D90-BBC0-23B4AF447DEF}.Release|Any CPU.ActiveCfg = Release|Any CPU
		{0B858D0F-CB2D-4D90-BBC0-23B4AF447DEF}.Release|Any CPU.Build.0 = Release|Any CPU
		{0B858D0F-CB2D-4D90-BBC0-23B4AF447DEF}.Release|x64.ActiveCfg = Release|Any CPU
		{0B858D0F-CB2D-4D90-BBC0-23B4AF447DEF}.Release|x64.Build.0 = Release|Any CPU
		{0B858D0F-CB2D-4D90-BBC0-23B4AF447DEF}.Release|x86.ActiveCfg = Release|Any CPU
		{0B858D0F-CB2D-4D90-BBC0-23B4AF447DEF}.Release|x86.Build.0 = Release|Any CPU
		{298CA946-6A5B-4F11-92CA-64E0B6BED5B3}.Debug|Any CPU.ActiveCfg = Debug|Any CPU
		{298CA946-6A5B-4F11-92CA-64E0B6BED5B3}.Debug|Any CPU.Build.0 = Debug|Any CPU
		{298CA946-6A5B-4F11-92CA-64E0B6BED5B3}.Debug|x64.ActiveCfg = Debug|Any CPU
		{298CA946-6A5B-4F11-92CA-64E0B6BED5B3}.Debug|x64.Build.0 = Debug|Any CPU
		{298CA946-6A5B-4F11-92CA-64E0B6BED5B3}.Debug|x86.ActiveCfg = Debug|Any CPU
		{298CA946-6A5B-4F11-92CA-64E0B6BED5B3}.Debug|x86.Build.0 = Debug|Any CPU
		{298CA946-6A5B-4F11-92CA-64E0B6BED5B3}.Release|Any CPU.ActiveCfg = Release|Any CPU
		{298CA946-6A5B-4F11-92CA-64E0B6BED5B3}.Release|Any CPU.Build.0 = Release|Any CPU
		{298CA946-6A5B-4F11-92CA-64E0B6BED5B3}.Release|x64.ActiveCfg = Release|Any CPU
		{298CA946-6A5B-4F11-92CA-64E0B6BED5B3}.Release|x64.Build.0 = Release|Any CPU
		{298CA946-6A5B-4F11-92CA-64E0B6BED5B3}.Release|x86.ActiveCfg = Release|Any CPU
		{298CA946-6A5B-4F11-92CA-64E0B6BED5B3}.Release|x86.Build.0 = Release|Any CPU
		{61F4BFDB-6808-46DD-A23E-CEFDA50C18F2}.Debug|Any CPU.ActiveCfg = Debug|Any CPU
		{61F4BFDB-6808-46DD-A23E-CEFDA50C18F2}.Debug|Any CPU.Build.0 = Debug|Any CPU
		{61F4BFDB-6808-46DD-A23E-CEFDA50C18F2}.Debug|x64.ActiveCfg = Debug|Any CPU
		{61F4BFDB-6808-46DD-A23E-CEFDA50C18F2}.Debug|x64.Build.0 = Debug|Any CPU
		{61F4BFDB-6808-46DD-A23E-CEFDA50C18F2}.Debug|x86.ActiveCfg = Debug|Any CPU
		{61F4BFDB-6808-46DD-A23E-CEFDA50C18F2}.Debug|x86.Build.0 = Debug|Any CPU
		{61F4BFDB-6808-46DD-A23E-CEFDA50C18F2}.Release|Any CPU.ActiveCfg = Release|Any CPU
		{61F4BFDB-6808-46DD-A23E-CEFDA50C18F2}.Release|Any CPU.Build.0 = Release|Any CPU
		{61F4BFDB-6808-46DD-A23E-CEFDA50C18F2}.Release|x64.ActiveCfg = Release|Any CPU
		{61F4BFDB-6808-46DD-A23E-CEFDA50C18F2}.Release|x64.Build.0 = Release|Any CPU
		{61F4BFDB-6808-46DD-A23E-CEFDA50C18F2}.Release|x86.ActiveCfg = Release|Any CPU
		{61F4BFDB-6808-46DD-A23E-CEFDA50C18F2}.Release|x86.Build.0 = Release|Any CPU
		{507551F2-1072-4428-9D84-6AD843F45B8F}.Debug|Any CPU.ActiveCfg = Debug|Any CPU
		{507551F2-1072-4428-9D84-6AD843F45B8F}.Debug|Any CPU.Build.0 = Debug|Any CPU
		{507551F2-1072-4428-9D84-6AD843F45B8F}.Debug|x64.ActiveCfg = Debug|Any CPU
		{507551F2-1072-4428-9D84-6AD843F45B8F}.Debug|x64.Build.0 = Debug|Any CPU
		{507551F2-1072-4428-9D84-6AD843F45B8F}.Debug|x86.ActiveCfg = Debug|Any CPU
		{507551F2-1072-4428-9D84-6AD843F45B8F}.Debug|x86.Build.0 = Debug|Any CPU
		{507551F2-1072-4428-9D84-6AD843F45B8F}.Release|Any CPU.ActiveCfg = Release|Any CPU
		{507551F2-1072-4428-9D84-6AD843F45B8F}.Release|Any CPU.Build.0 = Release|Any CPU
		{507551F2-1072-4428-9D84-6AD843F45B8F}.Release|x64.ActiveCfg = Release|Any CPU
		{507551F2-1072-4428-9D84-6AD843F45B8F}.Release|x64.Build.0 = Release|Any CPU
		{507551F2-1072-4428-9D84-6AD843F45B8F}.Release|x86.ActiveCfg = Release|Any CPU
		{507551F2-1072-4428-9D84-6AD843F45B8F}.Release|x86.Build.0 = Release|Any CPU
	EndGlobalSection
	GlobalSection(SolutionProperties) = preSolution
		HideSolutionNode = FALSE
	EndGlobalSection
	GlobalSection(ExtensibilityGlobals) = postSolution
		SolutionGuid = {1F8E815E-6CB5-4433-96C1-E55E6EC75151}
	EndGlobalSection
EndGlobal
